
Microsoft Visual Studio Solution File, Format Version 12.00
# Visual Studio 15
VisualStudioVersion = 15.0.26403.7
MinimumVisualStudioVersion = 10.0.40219.1
Project("{FAE04EC0-301F-11D3-BF4B-00C04F79EFBC}") = "PushMaratona.Android", "PushMaratona\PushMaratona.Android\PushMaratona.Android.csproj", "{F99AE5C6-7B51-4B24-8726-A1FA82516DE2}"
EndProject
Project("{FAE04EC0-301F-11D3-BF4B-00C04F79EFBC}") = "PushMaratona", "PushMaratona\PushMaratona\PushMaratona.csproj", "{0A6C7C3A-12A6-4F2F-B389-B073583CD723}"
EndProject
Project("{FAE04EC0-301F-11D3-BF4B-00C04F79EFBC}") = "PushMaratona.UWP", "PushMaratona\PushMaratona.UWP\PushMaratona.UWP.csproj", "{25766289-CD84-4443-885A-C416CEE35FB5}"
EndProject
Project("{FAE04EC0-301F-11D3-BF4B-00C04F79EFBC}") = "PushMaratona.iOS", "PushMaratona\PushMaratona.iOS\PushMaratona.iOS.csproj", "{A438A726-F050-4828-BB99-AAB7B9850D93}"
EndProject
Global
	GlobalSection(SolutionConfigurationPlatforms) = preSolution
		Ad-Hoc|Any CPU = Ad-Hoc|Any CPU
		Ad-Hoc|ARM = Ad-Hoc|ARM
		Ad-Hoc|iPhone = Ad-Hoc|iPhone
		Ad-Hoc|iPhoneSimulator = Ad-Hoc|iPhoneSimulator
		Ad-Hoc|x64 = Ad-Hoc|x64
		Ad-Hoc|x86 = Ad-Hoc|x86
		AppStore|Any CPU = AppStore|Any CPU
		AppStore|ARM = AppStore|ARM
		AppStore|iPhone = AppStore|iPhone
		AppStore|iPhoneSimulator = AppStore|iPhoneSimulator
		AppStore|x64 = AppStore|x64
		AppStore|x86 = AppStore|x86
		Debug|Any CPU = Debug|Any CPU
		Debug|ARM = Debug|ARM
		Debug|iPhone = Debug|iPhone
		Debug|iPhoneSimulator = Debug|iPhoneSimulator
		Debug|x64 = Debug|x64
		Debug|x86 = Debug|x86
		Release|Any CPU = Release|Any CPU
		Release|ARM = Release|ARM
		Release|iPhone = Release|iPhone
		Release|iPhoneSimulator = Release|iPhoneSimulator
		Release|x64 = Release|x64
		Release|x86 = Release|x86
	EndGlobalSection
	GlobalSection(ProjectConfigurationPlatforms) = postSolution
		{F99AE5C6-7B51-4B24-8726-A1FA82516DE2}.Ad-Hoc|Any CPU.ActiveCfg = Release|Any CPU
		{F99AE5C6-7B51-4B24-8726-A1FA82516DE2}.Ad-Hoc|Any CPU.Build.0 = Release|Any CPU
		{F99AE5C6-7B51-4B24-8726-A1FA82516DE2}.Ad-Hoc|Any CPU.Deploy.0 = Release|Any CPU
		{F99AE5C6-7B51-4B24-8726-A1FA82516DE2}.Ad-Hoc|ARM.ActiveCfg = Release|Any CPU
		{F99AE5C6-7B51-4B24-8726-A1FA82516DE2}.Ad-Hoc|ARM.Build.0 = Release|Any CPU
		{F99AE5C6-7B51-4B24-8726-A1FA82516DE2}.Ad-Hoc|ARM.Deploy.0 = Release|Any CPU
		{F99AE5C6-7B51-4B24-8726-A1FA82516DE2}.Ad-Hoc|iPhone.ActiveCfg = Release|Any CPU
		{F99AE5C6-7B51-4B24-8726-A1FA82516DE2}.Ad-Hoc|iPhone.Build.0 = Release|Any CPU
		{F99AE5C6-7B51-4B24-8726-A1FA82516DE2}.Ad-Hoc|iPhone.Deploy.0 = Release|Any CPU
		{F99AE5C6-7B51-4B24-8726-A1FA82516DE2}.Ad-Hoc|iPhoneSimulator.ActiveCfg = Release|Any CPU
		{F99AE5C6-7B51-4B24-8726-A1FA82516DE2}.Ad-Hoc|iPhoneSimulator.Build.0 = Release|Any CPU
		{F99AE5C6-7B51-4B24-8726-A1FA82516DE2}.Ad-Hoc|iPhoneSimulator.Deploy.0 = Release|Any CPU
		{F99AE5C6-7B51-4B24-8726-A1FA82516DE2}.Ad-Hoc|x64.ActiveCfg = Release|Any CPU
		{F99AE5C6-7B51-4B24-8726-A1FA82516DE2}.Ad-Hoc|x64.Build.0 = Release|Any CPU
		{F99AE5C6-7B51-4B24-8726-A1FA82516DE2}.Ad-Hoc|x64.Deploy.0 = Release|Any CPU
		{F99AE5C6-7B51-4B24-8726-A1FA82516DE2}.Ad-Hoc|x86.ActiveCfg = Release|Any CPU
		{F99AE5C6-7B51-4B24-8726-A1FA82516DE2}.Ad-Hoc|x86.Build.0 = Release|Any CPU
		{F99AE5C6-7B51-4B24-8726-A1FA82516DE2}.Ad-Hoc|x86.Deploy.0 = Release|Any CPU
		{F99AE5C6-7B51-4B24-8726-A1FA82516DE2}.AppStore|Any CPU.ActiveCfg = Release|Any CPU
		{F99AE5C6-7B51-4B24-8726-A1FA82516DE2}.AppStore|Any CPU.Build.0 = Release|Any CPU
		{F99AE5C6-7B51-4B24-8726-A1FA82516DE2}.AppStore|Any CPU.Deploy.0 = Release|Any CPU
		{F99AE5C6-7B51-4B24-8726-A1FA82516DE2}.AppStore|ARM.ActiveCfg = Release|Any CPU
		{F99AE5C6-7B51-4B24-8726-A1FA82516DE2}.AppStore|ARM.Build.0 = Release|Any CPU
		{F99AE5C6-7B51-4B24-8726-A1FA82516DE2}.AppStore|ARM.Deploy.0 = Release|Any CPU
		{F99AE5C6-7B51-4B24-8726-A1FA82516DE2}.AppStore|iPhone.ActiveCfg = Release|Any CPU
		{F99AE5C6-7B51-4B24-8726-A1FA82516DE2}.AppStore|iPhone.Build.0 = Release|Any CPU
		{F99AE5C6-7B51-4B24-8726-A1FA82516DE2}.AppStore|iPhone.Deploy.0 = Release|Any CPU
		{F99AE5C6-7B51-4B24-8726-A1FA82516DE2}.AppStore|iPhoneSimulator.ActiveCfg = Release|Any CPU
		{F99AE5C6-7B51-4B24-8726-A1FA82516DE2}.AppStore|iPhoneSimulator.Build.0 = Release|Any CPU
		{F99AE5C6-7B51-4B24-8726-A1FA82516DE2}.AppStore|iPhoneSimulator.Deploy.0 = Release|Any CPU
		{F99AE5C6-7B51-4B24-8726-A1FA82516DE2}.AppStore|x64.ActiveCfg = Release|Any CPU
		{F99AE5C6-7B51-4B24-8726-A1FA82516DE2}.AppStore|x64.Build.0 = Release|Any CPU
		{F99AE5C6-7B51-4B24-8726-A1FA82516DE2}.AppStore|x64.Deploy.0 = Release|Any CPU
		{F99AE5C6-7B51-4B24-8726-A1FA82516DE2}.AppStore|x86.ActiveCfg = Release|Any CPU
		{F99AE5C6-7B51-4B24-8726-A1FA82516DE2}.AppStore|x86.Build.0 = Release|Any CPU
		{F99AE5C6-7B51-4B24-8726-A1FA82516DE2}.AppStore|x86.Deploy.0 = Release|Any CPU
		{F99AE5C6-7B51-4B24-8726-A1FA82516DE2}.Debug|Any CPU.ActiveCfg = Debug|Any CPU
		{F99AE5C6-7B51-4B24-8726-A1FA82516DE2}.Debug|Any CPU.Build.0 = Debug|Any CPU
		{F99AE5C6-7B51-4B24-8726-A1FA82516DE2}.Debug|Any CPU.Deploy.0 = Debug|Any CPU
		{F99AE5C6-7B51-4B24-8726-A1FA82516DE2}.Debug|ARM.ActiveCfg = Debug|Any CPU
		{F99AE5C6-7B51-4B24-8726-A1FA82516DE2}.Debug|ARM.Build.0 = Debug|Any CPU
		{F99AE5C6-7B51-4B24-8726-A1FA82516DE2}.Debug|ARM.Deploy.0 = Debug|Any CPU
		{F99AE5C6-7B51-4B24-8726-A1FA82516DE2}.Debug|iPhone.ActiveCfg = Debug|Any CPU
		{F99AE5C6-7B51-4B24-8726-A1FA82516DE2}.Debug|iPhone.Build.0 = Debug|Any CPU
		{F99AE5C6-7B51-4B24-8726-A1FA82516DE2}.Debug|iPhone.Deploy.0 = Debug|Any CPU
		{F99AE5C6-7B51-4B24-8726-A1FA82516DE2}.Debug|iPhoneSimulator.ActiveCfg = Debug|Any CPU
		{F99AE5C6-7B51-4B24-8726-A1FA82516DE2}.Debug|iPhoneSimulator.Build.0 = Debug|Any CPU
		{F99AE5C6-7B51-4B24-8726-A1FA82516DE2}.Debug|iPhoneSimulator.Deploy.0 = Debug|Any CPU
		{F99AE5C6-7B51-4B24-8726-A1FA82516DE2}.Debug|x64.ActiveCfg = Debug|Any CPU
		{F99AE5C6-7B51-4B24-8726-A1FA82516DE2}.Debug|x64.Build.0 = Debug|Any CPU
		{F99AE5C6-7B51-4B24-8726-A1FA82516DE2}.Debug|x64.Deploy.0 = Debug|Any CPU
		{F99AE5C6-7B51-4B24-8726-A1FA82516DE2}.Debug|x86.ActiveCfg = Debug|Any CPU
		{F99AE5C6-7B51-4B24-8726-A1FA82516DE2}.Debug|x86.Build.0 = Debug|Any CPU
		{F99AE5C6-7B51-4B24-8726-A1FA82516DE2}.Debug|x86.Deploy.0 = Debug|Any CPU
		{F99AE5C6-7B51-4B24-8726-A1FA82516DE2}.Release|Any CPU.ActiveCfg = Release|Any CPU
		{F99AE5C6-7B51-4B24-8726-A1FA82516DE2}.Release|Any CPU.Build.0 = Release|Any CPU
		{F99AE5C6-7B51-4B24-8726-A1FA82516DE2}.Release|Any CPU.Deploy.0 = Release|Any CPU
		{F99AE5C6-7B51-4B24-8726-A1FA82516DE2}.Release|ARM.ActiveCfg = Release|Any CPU
		{F99AE5C6-7B51-4B24-8726-A1FA82516DE2}.Release|ARM.Build.0 = Release|Any CPU
		{F99AE5C6-7B51-4B24-8726-A1FA82516DE2}.Release|ARM.Deploy.0 = Release|Any CPU
		{F99AE5C6-7B51-4B24-8726-A1FA82516DE2}.Release|iPhone.ActiveCfg = Release|Any CPU
		{F99AE5C6-7B51-4B24-8726-A1FA82516DE2}.Release|iPhone.Build.0 = Release|Any CPU
		{F99AE5C6-7B51-4B24-8726-A1FA82516DE2}.Release|iPhone.Deploy.0 = Release|Any CPU
		{F99AE5C6-7B51-4B24-8726-A1FA82516DE2}.Release|iPhoneSimulator.ActiveCfg = Release|Any CPU
		{F99AE5C6-7B51-4B24-8726-A1FA82516DE2}.Release|iPhoneSimulator.Build.0 = Release|Any CPU
		{F99AE5C6-7B51-4B24-8726-A1FA82516DE2}.Release|iPhoneSimulator.Deploy.0 = Release|Any CPU
		{F99AE5C6-7B51-4B24-8726-A1FA82516DE2}.Release|x64.ActiveCfg = Release|Any CPU
		{F99AE5C6-7B51-4B24-8726-A1FA82516DE2}.Release|x64.Build.0 = Release|Any CPU
		{F99AE5C6-7B51-4B24-8726-A1FA82516DE2}.Release|x64.Deploy.0 = Release|Any CPU
		{F99AE5C6-7B51-4B24-8726-A1FA82516DE2}.Release|x86.ActiveCfg = Release|Any CPU
		{F99AE5C6-7B51-4B24-8726-A1FA82516DE2}.Release|x86.Build.0 = Release|Any CPU
		{F99AE5C6-7B51-4B24-8726-A1FA82516DE2}.Release|x86.Deploy.0 = Release|Any CPU
		{0A6C7C3A-12A6-4F2F-B389-B073583CD723}.Ad-Hoc|Any CPU.ActiveCfg = Release|Any CPU
		{0A6C7C3A-12A6-4F2F-B389-B073583CD723}.Ad-Hoc|Any CPU.Build.0 = Release|Any CPU
		{0A6C7C3A-12A6-4F2F-B389-B073583CD723}.Ad-Hoc|ARM.ActiveCfg = Release|Any CPU
		{0A6C7C3A-12A6-4F2F-B389-B073583CD723}.Ad-Hoc|ARM.Build.0 = Release|Any CPU
		{0A6C7C3A-12A6-4F2F-B389-B073583CD723}.Ad-Hoc|iPhone.ActiveCfg = Release|Any CPU
		{0A6C7C3A-12A6-4F2F-B389-B073583CD723}.Ad-Hoc|iPhone.Build.0 = Release|Any CPU
		{0A6C7C3A-12A6-4F2F-B389-B073583CD723}.Ad-Hoc|iPhoneSimulator.ActiveCfg = Release|Any CPU
		{0A6C7C3A-12A6-4F2F-B389-B073583CD723}.Ad-Hoc|iPhoneSimulator.Build.0 = Release|Any CPU
		{0A6C7C3A-12A6-4F2F-B389-B073583CD723}.Ad-Hoc|x64.ActiveCfg = Release|Any CPU
		{0A6C7C3A-12A6-4F2F-B389-B073583CD723}.Ad-Hoc|x64.Build.0 = Release|Any CPU
		{0A6C7C3A-12A6-4F2F-B389-B073583CD723}.Ad-Hoc|x86.ActiveCfg = Release|Any CPU
		{0A6C7C3A-12A6-4F2F-B389-B073583CD723}.Ad-Hoc|x86.Build.0 = Release|Any CPU
		{0A6C7C3A-12A6-4F2F-B389-B073583CD723}.AppStore|Any CPU.ActiveCfg = Release|Any CPU
		{0A6C7C3A-12A6-4F2F-B389-B073583CD723}.AppStore|Any CPU.Build.0 = Release|Any CPU
		{0A6C7C3A-12A6-4F2F-B389-B073583CD723}.AppStore|ARM.ActiveCfg = Release|Any CPU
		{0A6C7C3A-12A6-4F2F-B389-B073583CD723}.AppStore|ARM.Build.0 = Release|Any CPU
		{0A6C7C3A-12A6-4F2F-B389-B073583CD723}.AppStore|iPhone.ActiveCfg = Release|Any CPU
		{0A6C7C3A-12A6-4F2F-B389-B073583CD723}.AppStore|iPhone.Build.0 = Release|Any CPU
		{0A6C7C3A-12A6-4F2F-B389-B073583CD723}.AppStore|iPhoneSimulator.ActiveCfg = Release|Any CPU
		{0A6C7C3A-12A6-4F2F-B389-B073583CD723}.AppStore|iPhoneSimulator.Build.0 = Release|Any CPU
		{0A6C7C3A-12A6-4F2F-B389-B073583CD723}.AppStore|x64.ActiveCfg = Release|Any CPU
		{0A6C7C3A-12A6-4F2F-B389-B073583CD723}.AppStore|x64.Build.0 = Release|Any CPU
		{0A6C7C3A-12A6-4F2F-B389-B073583CD723}.AppStore|x86.ActiveCfg = Release|Any CPU
		{0A6C7C3A-12A6-4F2F-B389-B073583CD723}.AppStore|x86.Build.0 = Release|Any CPU
		{0A6C7C3A-12A6-4F2F-B389-B073583CD723}.Debug|Any CPU.ActiveCfg = Debug|Any CPU
		{0A6C7C3A-12A6-4F2F-B389-B073583CD723}.Debug|Any CPU.Build.0 = Debug|Any CPU
		{0A6C7C3A-12A6-4F2F-B389-B073583CD723}.Debug|ARM.ActiveCfg = Debug|Any CPU
		{0A6C7C3A-12A6-4F2F-B389-B073583CD723}.Debug|ARM.Build.0 = Debug|Any CPU
		{0A6C7C3A-12A6-4F2F-B389-B073583CD723}.Debug|iPhone.ActiveCfg = Debug|Any CPU
		{0A6C7C3A-12A6-4F2F-B389-B073583CD723}.Debug|iPhone.Build.0 = Debug|Any CPU
		{0A6C7C3A-12A6-4F2F-B389-B073583CD723}.Debug|iPhoneSimulator.ActiveCfg = Debug|Any CPU
		{0A6C7C3A-12A6-4F2F-B389-B073583CD723}.Debug|iPhoneSimulator.Build.0 = Debug|Any CPU
		{0A6C7C3A-12A6-4F2F-B389-B073583CD723}.Debug|x64.ActiveCfg = Debug|Any CPU
		{0A6C7C3A-12A6-4F2F-B389-B073583CD723}.Debug|x64.Build.0 = Debug|Any CPU
		{0A6C7C3A-12A6-4F2F-B389-B073583CD723}.Debug|x86.ActiveCfg = Debug|Any CPU
		{0A6C7C3A-12A6-4F2F-B389-B073583CD723}.Debug|x86.Build.0 = Debug|Any CPU
		{0A6C7C3A-12A6-4F2F-B389-B073583CD723}.Release|Any CPU.ActiveCfg = Release|Any CPU
		{0A6C7C3A-12A6-4F2F-B389-B073583CD723}.Release|Any CPU.Build.0 = Release|Any CPU
		{0A6C7C3A-12A6-4F2F-B389-B073583CD723}.Release|ARM.ActiveCfg = Release|Any CPU
		{0A6C7C3A-12A6-4F2F-B389-B073583CD723}.Release|ARM.Build.0 = Release|Any CPU
		{0A6C7C3A-12A6-4F2F-B389-B073583CD723}.Release|iPhone.ActiveCfg = Release|Any CPU
		{0A6C7C3A-12A6-4F2F-B389-B073583CD723}.Release|iPhone.Build.0 = Release|Any CPU
		{0A6C7C3A-12A6-4F2F-B389-B073583CD723}.Release|iPhoneSimulator.ActiveCfg = Release|Any CPU
		{0A6C7C3A-12A6-4F2F-B389-B073583CD723}.Release|iPhoneSimulator.Build.0 = Release|Any CPU
		{0A6C7C3A-12A6-4F2F-B389-B073583CD723}.Release|x64.ActiveCfg = Release|Any CPU
		{0A6C7C3A-12A6-4F2F-B389-B073583CD723}.Release|x64.Build.0 = Release|Any CPU
		{0A6C7C3A-12A6-4F2F-B389-B073583CD723}.Release|x86.ActiveCfg = Release|Any CPU
		{0A6C7C3A-12A6-4F2F-B389-B073583CD723}.Release|x86.Build.0 = Release|Any CPU
		{25766289-CD84-4443-885A-C416CEE35FB5}.Ad-Hoc|Any CPU.ActiveCfg = Release|x86
		{25766289-CD84-4443-885A-C416CEE35FB5}.Ad-Hoc|Any CPU.Build.0 = Release|x86
		{25766289-CD84-4443-885A-C416CEE35FB5}.Ad-Hoc|Any CPU.Deploy.0 = Release|x86
		{25766289-CD84-4443-885A-C416CEE35FB5}.Ad-Hoc|ARM.ActiveCfg = Release|ARM
		{25766289-CD84-4443-885A-C416CEE35FB5}.Ad-Hoc|ARM.Build.0 = Release|ARM
		{25766289-CD84-4443-885A-C416CEE35FB5}.Ad-Hoc|ARM.Deploy.0 = Release|ARM
		{25766289-CD84-4443-885A-C416CEE35FB5}.Ad-Hoc|iPhone.ActiveCfg = Release|x86
		{25766289-CD84-4443-885A-C416CEE35FB5}.Ad-Hoc|iPhone.Build.0 = Release|x86
		{25766289-CD84-4443-885A-C416CEE35FB5}.Ad-Hoc|iPhone.Deploy.0 = Release|x86
		{25766289-CD84-4443-885A-C416CEE35FB5}.Ad-Hoc|iPhoneSimulator.ActiveCfg = Release|x86
		{25766289-CD84-4443-885A-C416CEE35FB5}.Ad-Hoc|iPhoneSimulator.Build.0 = Release|x86
		{25766289-CD84-4443-885A-C416CEE35FB5}.Ad-Hoc|iPhoneSimulator.Deploy.0 = Release|x86
		{25766289-CD84-4443-885A-C416CEE35FB5}.Ad-Hoc|x64.ActiveCfg = Release|x64
		{25766289-CD84-4443-885A-C416CEE35FB5}.Ad-Hoc|x64.Build.0 = Release|x64
		{25766289-CD84-4443-885A-C416CEE35FB5}.Ad-Hoc|x64.Deploy.0 = Release|x64
		{25766289-CD84-4443-885A-C416CEE35FB5}.Ad-Hoc|x86.ActiveCfg = Release|x86
		{25766289-CD84-4443-885A-C416CEE35FB5}.Ad-Hoc|x86.Build.0 = Release|x86
		{25766289-CD84-4443-885A-C416CEE35FB5}.Ad-Hoc|x86.Deploy.0 = Release|x86
		{25766289-CD84-4443-885A-C416CEE35FB5}.AppStore|Any CPU.ActiveCfg = Release|x86
		{25766289-CD84-4443-885A-C416CEE35FB5}.AppStore|Any CPU.Build.0 = Release|x86
		{25766289-CD84-4443-885A-C416CEE35FB5}.AppStore|Any CPU.Deploy.0 = Release|x86
		{25766289-CD84-4443-885A-C416CEE35FB5}.AppStore|ARM.ActiveCfg = Release|ARM
		{25766289-CD84-4443-885A-C416CEE35FB5}.AppStore|ARM.Build.0 = Release|ARM
		{25766289-CD84-4443-885A-C416CEE35FB5}.AppStore|ARM.Deploy.0 = Release|ARM
		{25766289-CD84-4443-885A-C416CEE35FB5}.AppStore|iPhone.ActiveCfg = Release|x86
		{25766289-CD84-4443-885A-C416CEE35FB5}.AppStore|iPhone.Build.0 = Release|x86
		{25766289-CD84-4443-885A-C416CEE35FB5}.AppStore|iPhone.Deploy.0 = Release|x86
		{25766289-CD84-4443-885A-C416CEE35FB5}.AppStore|iPhoneSimulator.ActiveCfg = Release|x86
		{25766289-CD84-4443-885A-C416CEE35FB5}.AppStore|iPhoneSimulator.Build.0 = Release|x86
		{25766289-CD84-4443-885A-C416CEE35FB5}.AppStore|iPhoneSimulator.Deploy.0 = Release|x86
		{25766289-CD84-4443-885A-C416CEE35FB5}.AppStore|x64.ActiveCfg = Release|x64
		{25766289-CD84-4443-885A-C416CEE35FB5}.AppStore|x64.Build.0 = Release|x64
		{25766289-CD84-4443-885A-C416CEE35FB5}.AppStore|x64.Deploy.0 = Release|x64
		{25766289-CD84-4443-885A-C416CEE35FB5}.AppStore|x86.ActiveCfg = Release|x86
		{25766289-CD84-4443-885A-C416CEE35FB5}.AppStore|x86.Build.0 = Release|x86
		{25766289-CD84-4443-885A-C416CEE35FB5}.AppStore|x86.Deploy.0 = Release|x86
		{25766289-CD84-4443-885A-C416CEE35FB5}.Debug|Any CPU.ActiveCfg = Debug|x86
		{25766289-CD84-4443-885A-C416CEE35FB5}.Debug|ARM.ActiveCfg = Debug|ARM
		{25766289-CD84-4443-885A-C416CEE35FB5}.Debug|ARM.Build.0 = Debug|ARM
		{25766289-CD84-4443-885A-C416CEE35FB5}.Debug|ARM.Deploy.0 = Debug|ARM
		{25766289-CD84-4443-885A-C416CEE35FB5}.Debug|iPhone.ActiveCfg = Debug|x86
		{25766289-CD84-4443-885A-C416CEE35FB5}.Debug|iPhoneSimulator.ActiveCfg = Debug|x86
		{25766289-CD84-4443-885A-C416CEE35FB5}.Debug|x64.ActiveCfg = Debug|x64
		{25766289-CD84-4443-885A-C416CEE35FB5}.Debug|x64.Build.0 = Debug|x64
		{25766289-CD84-4443-885A-C416CEE35FB5}.Debug|x64.Deploy.0 = Debug|x64
		{25766289-CD84-4443-885A-C416CEE35FB5}.Debug|x86.ActiveCfg = Debug|x86
		{25766289-CD84-4443-885A-C416CEE35FB5}.Debug|x86.Build.0 = Debug|x86
		{25766289-CD84-4443-885A-C416CEE35FB5}.Debug|x86.Deploy.0 = Debug|x86
		{25766289-CD84-4443-885A-C416CEE35FB5}.Release|Any CPU.ActiveCfg = Release|x86
		{25766289-CD84-4443-885A-C416CEE35FB5}.Release|ARM.ActiveCfg = Release|ARM
		{25766289-CD84-4443-885A-C416CEE35FB5}.Release|ARM.Build.0 = Release|ARM
		{25766289-CD84-4443-885A-C416CEE35FB5}.Release|ARM.Deploy.0 = Release|ARM
		{25766289-CD84-4443-885A-C416CEE35FB5}.Release|iPhone.ActiveCfg = Release|x86
		{25766289-CD84-4443-885A-C416CEE35FB5}.Release|iPhoneSimulator.ActiveCfg = Release|x86
		{25766289-CD84-4443-885A-C416CEE35FB5}.Release|x64.ActiveCfg = Release|x64
		{25766289-CD84-4443-885A-C416CEE35FB5}.Release|x64.Build.0 = Release|x64
		{25766289-CD84-4443-885A-C416CEE35FB5}.Release|x64.Deploy.0 = Release|x64
		{25766289-CD84-4443-885A-C416CEE35FB5}.Release|x86.ActiveCfg = Release|x86
		{25766289-CD84-4443-885A-C416CEE35FB5}.Release|x86.Build.0 = Release|x86
		{25766289-CD84-4443-885A-C416CEE35FB5}.Release|x86.Deploy.0 = Release|x86
		{A438A726-F050-4828-BB99-AAB7B9850D93}.Ad-Hoc|Any CPU.ActiveCfg = Ad-Hoc|iPhone
		{A438A726-F050-4828-BB99-AAB7B9850D93}.Ad-Hoc|ARM.ActiveCfg = Ad-Hoc|iPhone
		{A438A726-F050-4828-BB99-AAB7B9850D93}.Ad-Hoc|iPhone.ActiveCfg = Ad-Hoc|iPhone
		{A438A726-F050-4828-BB99-AAB7B9850D93}.Ad-Hoc|iPhone.Build.0 = Ad-Hoc|iPhone
		{A438A726-F050-4828-BB99-AAB7B9850D93}.Ad-Hoc|iPhoneSimulator.ActiveCfg = Ad-Hoc|iPhoneSimulator
		{A438A726-F050-4828-BB99-AAB7B9850D93}.Ad-Hoc|iPhoneSimulator.Build.0 = Ad-Hoc|iPhoneSimulator
		{A438A726-F050-4828-BB99-AAB7B9850D93}.Ad-Hoc|x64.ActiveCfg = Ad-Hoc|iPhone
		{A438A726-F050-4828-BB99-AAB7B9850D93}.Ad-Hoc|x86.ActiveCfg = Ad-Hoc|iPhone
		{A438A726-F050-4828-BB99-AAB7B9850D93}.AppStore|Any CPU.ActiveCfg = AppStore|iPhone
		{A438A726-F050-4828-BB99-AAB7B9850D93}.AppStore|ARM.ActiveCfg = AppStore|iPhone
		{A438A726-F050-4828-BB99-AAB7B9850D93}.AppStore|iPhone.ActiveCfg = AppStore|iPhone
		{A438A726-F050-4828-BB99-AAB7B9850D93}.AppStore|iPhone.Build.0 = AppStore|iPhone
		{A438A726-F050-4828-BB99-AAB7B9850D93}.AppStore|iPhoneSimulator.ActiveCfg = AppStore|iPhoneSimulator
		{A438A726-F050-4828-BB99-AAB7B9850D93}.AppStore|iPhoneSimulator.Build.0 = AppStore|iPhoneSimulator
		{A438A726-F050-4828-BB99-AAB7B9850D93}.AppStore|x64.ActiveCfg = AppStore|iPhone
		{A438A726-F050-4828-BB99-AAB7B9850D93}.AppStore|x86.ActiveCfg = AppStore|iPhone
		{A438A726-F050-4828-BB99-AAB7B9850D93}.Debug|Any CPU.ActiveCfg = Debug|iPhone
		{A438A726-F050-4828-BB99-AAB7B9850D93}.Debug|ARM.ActiveCfg = Debug|iPhone
		{A438A726-F050-4828-BB99-AAB7B9850D93}.Debug|iPhone.ActiveCfg = Debug|iPhone
		{A438A726-F050-4828-BB99-AAB7B9850D93}.Debug|iPhone.Build.0 = Debug|iPhone
		{A438A726-F050-4828-BB99-AAB7B9850D93}.Debug|iPhoneSimulator.ActiveCfg = Debug|iPhoneSimulator
		{A438A726-F050-4828-BB99-AAB7B9850D93}.Debug|iPhoneSimulator.Build.0 = Debug|iPhoneSimulator
		{A438A726-F050-4828-BB99-AAB7B9850D93}.Debug|x64.ActiveCfg = Debug|iPhone
		{A438A726-F050-4828-BB99-AAB7B9850D93}.Debug|x86.ActiveCfg = Debug|iPhone
		{A438A726-F050-4828-BB99-AAB7B9850D93}.Release|Any CPU.ActiveCfg = Release|iPhone
		{A438A726-F050-4828-BB99-AAB7B9850D93}.Release|ARM.ActiveCfg = Release|iPhone
		{A438A726-F050-4828-BB99-AAB7B9850D93}.Release|iPhone.ActiveCfg = Release|iPhone
		{A438A726-F050-4828-BB99-AAB7B9850D93}.Release|iPhone.Build.0 = Release|iPhone
		{A438A726-F050-4828-BB99-AAB7B9850D93}.Release|iPhoneSimulator.ActiveCfg = Release|iPhoneSimulator
		{A438A726-F050-4828-BB99-AAB7B9850D93}.Release|iPhoneSimulator.Build.0 = Release|iPhoneSimulator
		{A438A726-F050-4828-BB99-AAB7B9850D93}.Release|x64.ActiveCfg = Release|iPhone
		{A438A726-F050-4828-BB99-AAB7B9850D93}.Release|x86.ActiveCfg = Release|iPhone
	EndGlobalSection
	GlobalSection(SolutionProperties) = preSolution
		HideSolutionNode = FALSE
	EndGlobalSection
EndGlobal
